
Microsoft Visual Studio Solution File, Format Version 12.00
# Visual Studio Version 17
VisualStudioVersion = 17.6.33815.320
MinimumVisualStudioVersion = 10.0.40219.1
Project("{9A19103F-16F7-4668-BE54-9A1E7A4F7556}") = "View", "View\View.csproj", "{3DF33090-913E-4418-93B0-807A4BFD5668}"
	ProjectSection(ProjectDependencies) = postProject
		{0F35085A-9D43-4392-B569-72E9D5FD4383} = {0F35085A-9D43-4392-B569-72E9D5FD4383}
	EndProjectSection
EndProject
Project("{9A19103F-16F7-4668-BE54-9A1E7A4F7556}") = "Model", "Model\Model.csproj", "{D23EB995-E4FC-4CD9-80FC-DE754C01AC6F}"
EndProject
Project("{9A19103F-16F7-4668-BE54-9A1E7A4F7556}") = "ViewModel", "ViewModel\ViewModel.csproj", "{0F35085A-9D43-4392-B569-72E9D5FD4383}"
	ProjectSection(ProjectDependencies) = postProject
		{D23EB995-E4FC-4CD9-80FC-DE754C01AC6F} = {D23EB995-E4FC-4CD9-80FC-DE754C01AC6F}
	EndProjectSection
EndProject
Global
	GlobalSection(SolutionConfigurationPlatforms) = preSolution
		Debug|Any CPU = Debug|Any CPU
		Release|Any CPU = Release|Any CPU
	EndGlobalSection
	GlobalSection(ProjectConfigurationPlatforms) = postSolution
		{3DF33090-913E-4418-93B0-807A4BFD5668}.Debug|Any CPU.ActiveCfg = Debug|Any CPU
		{3DF33090-913E-4418-93B0-807A4BFD5668}.Debug|Any CPU.Build.0 = Debug|Any CPU
		{3DF33090-913E-4418-93B0-807A4BFD5668}.Release|Any CPU.ActiveCfg = Release|Any CPU
		{3DF33090-913E-4418-93B0-807A4BFD5668}.Release|Any CPU.Build.0 = Release|Any CPU
		{D23EB995-E4FC-4CD9-80FC-DE754C01AC6F}.Debug|Any CPU.ActiveCfg = Debug|Any CPU
		{D23EB995-E4FC-4CD9-80FC-DE754C01AC6F}.Debug|Any CPU.Build.0 = Debug|Any CPU
		{D23EB995-E4FC-4CD9-80FC-DE754C01AC6F}.Release|Any CPU.ActiveCfg = Release|Any CPU
		{D23EB995-E4FC-4CD9-80FC-DE754C01AC6F}.Release|Any CPU.Build.0 = Release|Any CPU
		{0F35085A-9D43-4392-B569-72E9D5FD4383}.Debug|Any CPU.ActiveCfg = Debug|Any CPU
		{0F35085A-9D43-4392-B569-72E9D5FD4383}.Debug|Any CPU.Build.0 = Debug|Any CPU
		{0F35085A-9D43-4392-B569-72E9D5FD4383}.Release|Any CPU.ActiveCfg = Release|Any CPU
		{0F35085A-9D43-4392-B569-72E9D5FD4383}.Release|Any CPU.Build.0 = Release|Any CPU
	EndGlobalSection
	GlobalSection(SolutionProperties) = preSolution
		HideSolutionNode = FALSE
	EndGlobalSection
	GlobalSection(ExtensibilityGlobals) = postSolution
		SolutionGuid = {4CFF833D-D534-4364-AF20-38B7824D7F8C}
	EndGlobalSection
EndGlobal
